// !$*UTF8*$!
{
	archiveVersion = 1;
	classes = {
	};
	objectVersion = 50;
	objects = {

/* Begin PBXBuildFile section */
		B88B8F2326651CA700479567 /* AppDelegate.swift in Sources */ = {isa = PBXBuildFile; fileRef = B88B8F2226651CA700479567 /* AppDelegate.swift */; };
		B88B8F2726651CA700479567 /* MainController.swift in Sources */ = {isa = PBXBuildFile; fileRef = B88B8F2626651CA700479567 /* MainController.swift */; };
		B88B8F2C26651CA800479567 /* Assets.xcassets in Resources */ = {isa = PBXBuildFile; fileRef = B88B8F2B26651CA800479567 /* Assets.xcassets */; };
		B88B8F2F26651CA800479567 /* LaunchScreen.storyboard in Resources */ = {isa = PBXBuildFile; fileRef = B88B8F2D26651CA800479567 /* LaunchScreen.storyboard */; };
		B88B8F382665214500479567 /* MoviesCollectionView.swift in Sources */ = {isa = PBXBuildFile; fileRef = B88B8F372665214500479567 /* MoviesCollectionView.swift */; };
		B88B8F3D2665278700479567 /* MovieCell.swift in Sources */ = {isa = PBXBuildFile; fileRef = B88B8F3C2665278700479567 /* MovieCell.swift */; };
		B88B8F3F2665366900479567 /* DetailsViewController.swift in Sources */ = {isa = PBXBuildFile; fileRef = B88B8F3E2665366900479567 /* DetailsViewController.swift */; };
		B88B8F432665419A00479567 /* APIURLs.swift in Sources */ = {isa = PBXBuildFile; fileRef = B88B8F422665419A00479567 /* APIURLs.swift */; };
		B88B8F452665464700479567 /* MoviesNetworkService.swift in Sources */ = {isa = PBXBuildFile; fileRef = B88B8F442665464700479567 /* MoviesNetworkService.swift */; };
		B88B8F4826654D8900479567 /* MoviesModel.swift in Sources */ = {isa = PBXBuildFile; fileRef = B88B8F4726654D8900479567 /* MoviesModel.swift */; };
		B88B8F4C266638CE00479567 /* Extension.swift in Sources */ = {isa = PBXBuildFile; fileRef = B88B8F4B266638CE00479567 /* Extension.swift */; };
/* End PBXBuildFile section */

/* Begin PBXFileReference section */
		B88B8F1F26651CA700479567 /* Movies.app */ = {isa = PBXFileReference; explicitFileType = wrapper.application; includeInIndex = 0; path = Movies.app; sourceTree = BUILT_PRODUCTS_DIR; };
		B88B8F2226651CA700479567 /* AppDelegate.swift */ = {isa = PBXFileReference; lastKnownFileType = sourcecode.swift; path = AppDelegate.swift; sourceTree = "<group>"; };
		B88B8F2626651CA700479567 /* MainController.swift */ = {isa = PBXFileReference; lastKnownFileType = sourcecode.swift; path = MainController.swift; sourceTree = "<group>"; };
		B88B8F2B26651CA800479567 /* Assets.xcassets */ = {isa = PBXFileReference; lastKnownFileType = folder.assetcatalog; path = Assets.xcassets; sourceTree = "<group>"; };
		B88B8F2E26651CA800479567 /* Base */ = {isa = PBXFileReference; lastKnownFileType = file.storyboard; name = Base; path = Base.lproj/LaunchScreen.storyboard; sourceTree = "<group>"; };
		B88B8F3026651CA800479567 /* Info.plist */ = {isa = PBXFileReference; lastKnownFileType = text.plist.xml; path = Info.plist; sourceTree = "<group>"; };
		B88B8F372665214500479567 /* MoviesCollectionView.swift */ = {isa = PBXFileReference; lastKnownFileType = sourcecode.swift; path = MoviesCollectionView.swift; sourceTree = "<group>"; };
		B88B8F3C2665278700479567 /* MovieCell.swift */ = {isa = PBXFileReference; lastKnownFileType = sourcecode.swift; path = MovieCell.swift; sourceTree = "<group>"; };
		B88B8F3E2665366900479567 /* DetailsViewController.swift */ = {isa = PBXFileReference; lastKnownFileType = sourcecode.swift; path = DetailsViewController.swift; sourceTree = "<group>"; };
		B88B8F422665419A00479567 /* APIURLs.swift */ = {isa = PBXFileReference; lastKnownFileType = sourcecode.swift; path = APIURLs.swift; sourceTree = "<group>"; };
		B88B8F442665464700479567 /* MoviesNetworkService.swift */ = {isa = PBXFileReference; lastKnownFileType = sourcecode.swift; path = MoviesNetworkService.swift; sourceTree = "<group>"; };
		B88B8F4726654D8900479567 /* MoviesModel.swift */ = {isa = PBXFileReference; lastKnownFileType = sourcecode.swift; path = MoviesModel.swift; sourceTree = "<group>"; };
		B88B8F4B266638CE00479567 /* Extension.swift */ = {isa = PBXFileReference; lastKnownFileType = sourcecode.swift; path = Extension.swift; sourceTree = "<group>"; };
/* End PBXFileReference section */

/* Begin PBXFrameworksBuildPhase section */
		B88B8F1C26651CA700479567 /* Frameworks */ = {
			isa = PBXFrameworksBuildPhase;
			buildActionMask = 2147483647;
			files = (
			);
			runOnlyForDeploymentPostprocessing = 0;
		};
/* End PBXFrameworksBuildPhase section */

/* Begin PBXGroup section */
		B88B8F1626651CA700479567 = {
			isa = PBXGroup;
			children = (
				B88B8F2126651CA700479567 /* Movies */,
				B88B8F2026651CA700479567 /* Products */,
			);
			sourceTree = "<group>";
		};
		B88B8F2026651CA700479567 /* Products */ = {
			isa = PBXGroup;
			children = (
				B88B8F1F26651CA700479567 /* Movies.app */,
			);
			name = Products;
			sourceTree = "<group>";
		};
		B88B8F2126651CA700479567 /* Movies */ = {
			isa = PBXGroup;
			children = (
				B88B8F2226651CA700479567 /* AppDelegate.swift */,
				B88B8F412665418500479567 /* Helpers */,
				B88B8F4026653E0D00479567 /* Controllers */,
				B88B8F392665270F00479567 /* Managers */,
				B88B8F36266520FF00479567 /* View */,
				B88B8F4626654D6700479567 /* Model */,
				B88B8F2B26651CA800479567 /* Assets.xcassets */,
				B88B8F2D26651CA800479567 /* LaunchScreen.storyboard */,
				B88B8F3026651CA800479567 /* Info.plist */,
			);
			path = Movies;
			sourceTree = "<group>";
		};
		B88B8F36266520FF00479567 /* View */ = {
			isa = PBXGroup;
			children = (
				B88B8F372665214500479567 /* MoviesCollectionView.swift */,
				B88B8F3C2665278700479567 /* MovieCell.swift */,
			);
			path = View;
			sourceTree = "<group>";
		};
		B88B8F392665270F00479567 /* Managers */ = {
			isa = PBXGroup;
			children = (
				B88B8F442665464700479567 /* MoviesNetworkService.swift */,
			);
			path = Managers;
			sourceTree = "<group>";
		};
		B88B8F4026653E0D00479567 /* Controllers */ = {
			isa = PBXGroup;
			children = (
				B88B8F2626651CA700479567 /* MainController.swift */,
				B88B8F3E2665366900479567 /* DetailsViewController.swift */,
			);
			path = Controllers;
			sourceTree = "<group>";
		};
		B88B8F412665418500479567 /* Helpers */ = {
			isa = PBXGroup;
			children = (
				B88B8F422665419A00479567 /* APIURLs.swift */,
				B88B8F4B266638CE00479567 /* Extension.swift */,
			);
			path = Helpers;
			sourceTree = "<group>";
		};
		B88B8F4626654D6700479567 /* Model */ = {
			isa = PBXGroup;
			children = (
				B88B8F4726654D8900479567 /* MoviesModel.swift */,
			);
			path = Model;
			sourceTree = "<group>";
		};
/* End PBXGroup section */

/* Begin PBXNativeTarget section */
		B88B8F1E26651CA700479567 /* Movies */ = {
			isa = PBXNativeTarget;
			buildConfigurationList = B88B8F3326651CA800479567 /* Build configuration list for PBXNativeTarget "Movies" */;
			buildPhases = (
				B88B8F1B26651CA700479567 /* Sources */,
				B88B8F1C26651CA700479567 /* Frameworks */,
				B88B8F1D26651CA700479567 /* Resources */,
			);
			buildRules = (
			);
			dependencies = (
			);
			name = Movies;
			productName = Movies;
			productReference = B88B8F1F26651CA700479567 /* Movies.app */;
			productType = "com.apple.product-type.application";
		};
/* End PBXNativeTarget section */

/* Begin PBXProject section */
		B88B8F1726651CA700479567 /* Project object */ = {
			isa = PBXProject;
			attributes = {
				LastSwiftUpdateCheck = 1250;
				LastUpgradeCheck = 1250;
				TargetAttributes = {
					B88B8F1E26651CA700479567 = {
						CreatedOnToolsVersion = 12.5;
					};
				};
			};
			buildConfigurationList = B88B8F1A26651CA700479567 /* Build configuration list for PBXProject "Movies" */;
			compatibilityVersion = "Xcode 9.3";
			developmentRegion = en;
			hasScannedForEncodings = 0;
			knownRegions = (
				en,
				Base,
			);
			mainGroup = B88B8F1626651CA700479567;
			productRefGroup = B88B8F2026651CA700479567 /* Products */;
			projectDirPath = "";
			projectRoot = "";
			targets = (
				B88B8F1E26651CA700479567 /* Movies */,
			);
		};
/* End PBXProject section */

/* Begin PBXResourcesBuildPhase section */
		B88B8F1D26651CA700479567 /* Resources */ = {
			isa = PBXResourcesBuildPhase;
			buildActionMask = 2147483647;
			files = (
				B88B8F2F26651CA800479567 /* LaunchScreen.storyboard in Resources */,
				B88B8F2C26651CA800479567 /* Assets.xcassets in Resources */,
			);
			runOnlyForDeploymentPostprocessing = 0;
		};
/* End PBXResourcesBuildPhase section */

/* Begin PBXSourcesBuildPhase section */
		B88B8F1B26651CA700479567 /* Sources */ = {
			isa = PBXSourcesBuildPhase;
			buildActionMask = 2147483647;
			files = (
				B88B8F452665464700479567 /* MoviesNetworkService.swift in Sources */,
				B88B8F2726651CA700479567 /* MainController.swift in Sources */,
				B88B8F4826654D8900479567 /* MoviesModel.swift in Sources */,
				B88B8F432665419A00479567 /* APIURLs.swift in Sources */,
				B88B8F2326651CA700479567 /* AppDelegate.swift in Sources */,
				B88B8F3D2665278700479567 /* MovieCell.swift in Sources */,
				B88B8F3F2665366900479567 /* DetailsViewController.swift in Sources */,
				B88B8F4C266638CE00479567 /* Extension.swift in Sources */,
				B88B8F382665214500479567 /* MoviesCollectionView.swift in Sources */,
			);
			runOnlyForDeploymentPostprocessing = 0;
		};
/* End PBXSourcesBuildPhase section */

/* Begin PBXVariantGroup section */
		B88B8F2D26651CA800479567 /* LaunchScreen.storyboard */ = {
			isa = PBXVariantGroup;
			children = (
				B88B8F2E26651CA800479567 /* Base */,
			);
			name = LaunchScreen.storyboard;
			sourceTree = "<group>";
		};
/* End PBXVariantGroup section */

/* Begin XCBuildConfiguration section */
		B88B8F3126651CA800479567 /* Debug */ = {
			isa = XCBuildConfiguration;
			buildSettings = {
				ALWAYS_SEARCH_USER_PATHS = NO;
				CLANG_ANALYZER_NONNULL = YES;
				CLANG_ANALYZER_NUMBER_OBJECT_CONVERSION = YES_AGGRESSIVE;
				CLANG_CXX_LANGUAGE_STANDARD = "gnu++14";
				CLANG_CXX_LIBRARY = "libc++";
				CLANG_ENABLE_MODULES = YES;
				CLANG_ENABLE_OBJC_ARC = YES;
				CLANG_ENABLE_OBJC_WEAK = YES;
				CLANG_WARN_BLOCK_CAPTURE_AUTORELEASING = YES;
				CLANG_WARN_BOOL_CONVERSION = YES;
				CLANG_WARN_COMMA = YES;
				CLANG_WARN_CONSTANT_CONVERSION = YES;
				CLANG_WARN_DEPRECATED_OBJC_IMPLEMENTATIONS = YES;
				CLANG_WARN_DIRECT_OBJC_ISA_USAGE = YES_ERROR;
				CLANG_WARN_DOCUMENTATION_COMMENTS = YES;
				CLANG_WARN_EMPTY_BODY = YES;
				CLANG_WARN_ENUM_CONVERSION = YES;
				CLANG_WARN_INFINITE_RECURSION = YES;
				CLANG_WARN_INT_CONVERSION = YES;
				CLANG_WARN_NON_LITERAL_NULL_CONVERSION = YES;
				CLANG_WARN_OBJC_IMPLICIT_RETAIN_SELF = YES;
				CLANG_WARN_OBJC_LITERAL_CONVERSION = YES;
				CLANG_WARN_OBJC_ROOT_CLASS = YES_ERROR;
				CLANG_WARN_QUOTED_INCLUDE_IN_FRAMEWORK_HEADER = YES;
				CLANG_WARN_RANGE_LOOP_ANALYSIS = YES;
				CLANG_WARN_STRICT_PROTOTYPES = YES;
				CLANG_WARN_SUSPICIOUS_MOVE = YES;
				CLANG_WARN_UNGUARDED_AVAILABILITY = YES_AGGRESSIVE;
				CLANG_WARN_UNREACHABLE_CODE = YES;
				CLANG_WARN__DUPLICATE_METHOD_MATCH = YES;
				COPY_PHASE_STRIP = NO;
				DEBUG_INFORMATION_FORMAT = dwarf;
				ENABLE_STRICT_OBJC_MSGSEND = YES;
				ENABLE_TESTABILITY = YES;
				GCC_C_LANGUAGE_STANDARD = gnu11;
				GCC_DYNAMIC_NO_PIC = NO;
				GCC_NO_COMMON_BLOCKS = YES;
				GCC_OPTIMIZATION_LEVEL = 0;
				GCC_PREPROCESSOR_DEFINITIONS = (
					"DEBUG=1",
					"$(inherited)",
				);
				GCC_WARN_64_TO_32_BIT_CONVERSION = YES;
				GCC_WARN_ABOUT_RETURN_TYPE = YES_ERROR;
				GCC_WARN_UNDECLARED_SELECTOR = YES;
				GCC_WARN_UNINITIALIZED_AUTOS = YES_AGGRESSIVE;
				GCC_WARN_UNUSED_FUNCTION = YES;
				GCC_WARN_UNUSED_VARIABLE = YES;
				IPHONEOS_DEPLOYMENT_TARGET = 14.5;
				MTL_ENABLE_DEBUG_INFO = INCLUDE_SOURCE;
				MTL_FAST_MATH = YES;
				ONLY_ACTIVE_ARCH = YES;
				SDKROOT = iphoneos;
				SWIFT_ACTIVE_COMPILATION_CONDITIONS = DEBUG;
				SWIFT_OPTIMIZATION_LEVEL = "-Onone";
			};
			name = Debug;
		};
		B88B8F3226651CA800479567 /* Release */ = {
			isa = XCBuildConfiguration;
			buildSettings = {
				ALWAYS_SEARCH_USER_PATHS = NO;
				CLANG_ANALYZER_NONNULL = YES;
				CLANG_ANALYZER_NUMBER_OBJECT_CONVERSION = YES_AGGRESSIVE;
				CLANG_CXX_LANGUAGE_STANDARD = "gnu++14";
				CLANG_CXX_LIBRARY = "libc++";
				CLANG_ENABLE_MODULES = YES;
				CLANG_ENABLE_OBJC_ARC = YES;
				CLANG_ENABLE_OBJC_WEAK = YES;
				CLANG_WARN_BLOCK_CAPTURE_AUTORELEASING = YES;
				CLANG_WARN_BOOL_CONVERSION = YES;
				CLANG_WARN_COMMA = YES;
				CLANG_WARN_CONSTANT_CONVERSION = YES;
				CLANG_WARN_DEPRECATED_OBJC_IMPLEMENTATIONS = YES;
				CLANG_WARN_DIRECT_OBJC_ISA_USAGE = YES_ERROR;
				CLANG_WARN_DOCUMENTATION_COMMENTS = YES;
				CLANG_WARN_EMPTY_BODY = YES;
				CLANG_WARN_ENUM_CONVERSION = YES;
				CLANG_WARN_INFINITE_RECURSION = YES;
				CLANG_WARN_INT_CONVERSION = YES;
				CLANG_WARN_NON_LITERAL_NULL_CONVERSION = YES;
				CLANG_WARN_OBJC_IMPLICIT_RETAIN_SELF = YES;
				CLANG_WARN_OBJC_LITERAL_CONVERSION = YES;
				CLANG_WARN_OBJC_ROOT_CLASS = YES_ERROR;
				CLANG_WARN_QUOTED_INCLUDE_IN_FRAMEWORK_HEADER = YES;
				CLANG_WARN_RANGE_LOOP_ANALYSIS = YES;
				CLANG_WARN_STRICT_PROTOTYPES = YES;
				CLANG_WARN_SUSPICIOUS_MOVE = YES;
				CLANG_WARN_UNGUARDED_AVAILABILITY = YES_AGGRESSIVE;
				CLANG_WARN_UNREACHABLE_CODE = YES;
				CLANG_WARN__DUPLICATE_METHOD_MATCH = YES;
				COPY_PHASE_STRIP = NO;
				DEBUG_INFORMATION_FORMAT = "dwarf-with-dsym";
				ENABLE_NS_ASSERTIONS = NO;
				ENABLE_STRICT_OBJC_MSGSEND = YES;
				GCC_C_LANGUAGE_STANDARD = gnu11;
				GCC_NO_COMMON_BLOCKS = YES;
				GCC_WARN_64_TO_32_BIT_CONVERSION = YES;
				GCC_WARN_ABOUT_RETURN_TYPE = YES_ERROR;
				GCC_WARN_UNDECLARED_SELECTOR = YES;
				GCC_WARN_UNINITIALIZED_AUTOS = YES_AGGRESSIVE;
				GCC_WARN_UNUSED_FUNCTION = YES;
				GCC_WARN_UNUSED_VARIABLE = YES;
				IPHONEOS_DEPLOYMENT_TARGET = 14.5;
				MTL_ENABLE_DEBUG_INFO = NO;
				MTL_FAST_MATH = YES;
				SDKROOT = iphoneos;
				SWIFT_COMPILATION_MODE = wholemodule;
				SWIFT_OPTIMIZATION_LEVEL = "-O";
				VALIDATE_PRODUCT = YES;
			};
			name = Release;
		};
		B88B8F3426651CA800479567 /* Debug */ = {
			isa = XCBuildConfiguration;
			buildSettings = {
				ASSETCATALOG_COMPILER_APPICON_NAME = AppIcon;
				ASSETCATALOG_COMPILER_GLOBAL_ACCENT_COLOR_NAME = AccentColor;
				CODE_SIGN_STYLE = Automatic;
				DEVELOPMENT_TEAM = 9M5YLYU8BJ;
				INFOPLIST_FILE = Movies/Info.plist;
				LD_RUNPATH_SEARCH_PATHS = (
					"$(inherited)",
					"@executable_path/Frameworks",
				);
				PRODUCT_BUNDLE_IDENTIFIER = ilshat.Movies;
				PRODUCT_NAME = "$(TARGET_NAME)";
				SWIFT_VERSION = 5.0;
				TARGETED_DEVICE_FAMILY = "1,2";
			};
			name = Debug;
		};
		B88B8F3526651CA800479567 /* Release */ = {
			isa = XCBuildConfiguration;
			buildSettings = {
				ASSETCATALOG_COMPILER_APPICON_NAME = AppIcon;
				ASSETCATALOG_COMPILER_GLOBAL_ACCENT_COLOR_NAME = AccentColor;
				CODE_SIGN_STYLE = Automatic;
				DEVELOPMENT_TEAM = 9M5YLYU8BJ;
				INFOPLIST_FILE = Movies/Info.plist;
				LD_RUNPATH_SEARCH_PATHS = (
					"$(inherited)",
					"@executable_path/Frameworks",
				);
				PRODUCT_BUNDLE_IDENTIFIER = ilshat.Movies;
				PRODUCT_NAME = "$(TARGET_NAME)";
				SWIFT_VERSION = 5.0;
				TARGETED_DEVICE_FAMILY = "1,2";
			};
			name = Release;
		};
/* End XCBuildConfiguration section */

/* Begin XCConfigurationList section */
		B88B8F1A26651CA700479567 /* Build configuration list for PBXProject "Movies" */ = {
			isa = XCConfigurationList;
			buildConfigurations = (
				B88B8F3126651CA800479567 /* Debug */,
				B88B8F3226651CA800479567 /* Release */,
			);
			defaultConfigurationIsVisible = 0;
			defaultConfigurationName = Release;
		};
		B88B8F3326651CA800479567 /* Build configuration list for PBXNativeTarget "Movies" */ = {
			isa = XCConfigurationList;
			buildConfigurations = (
				B88B8F3426651CA800479567 /* Debug */,
				B88B8F3526651CA800479567 /* Release */,
			);
			defaultConfigurationIsVisible = 0;
			defaultConfigurationName = Release;
		};
/* End XCConfigurationList section */
	};
	rootObject = B88B8F1726651CA700479567 /* Project object */;
}
